// !$*UTF8*$!
{
	archiveVersion = 1;
	classes = {
	};
	objectVersion = 55;
	objects = {

/* Begin PBXBuildFile section */
		2EE2BB1E285BA07B00E31BFD /* AppDelegate.m in Sources */ = {isa = PBXBuildFile; fileRef = 2EE2BB1D285BA07B00E31BFD /* AppDelegate.m */; };
		2EE2BB21285BA07B00E31BFD /* SceneDelegate.m in Sources */ = {isa = PBXBuildFile; fileRef = 2EE2BB20285BA07B00E31BFD /* SceneDelegate.m */; };
		2EE2BB24285BA07B00E31BFD /* ViewController.m in Sources */ = {isa = PBXBuildFile; fileRef = 2EE2BB23285BA07B00E31BFD /* ViewController.m */; };
		2EE2BB27285BA07B00E31BFD /* Main.storyboard in Resources */ = {isa = PBXBuildFile; fileRef = 2EE2BB25285BA07B00E31BFD /* Main.storyboard */; };
		2EE2BB29285BA07C00E31BFD /* Assets.xcassets in Resources */ = {isa = PBXBuildFile; fileRef = 2EE2BB28285BA07C00E31BFD /* Assets.xcassets */; };
		2EE2BB2C285BA07C00E31BFD /* LaunchScreen.storyboard in Resources */ = {isa = PBXBuildFile; fileRef = 2EE2BB2A285BA07C00E31BFD /* LaunchScreen.storyboard */; };
		2EE2BB2F285BA07C00E31BFD /* main.m in Sources */ = {isa = PBXBuildFile; fileRef = 2EE2BB2E285BA07C00E31BFD /* main.m */; };
		2EE2BB39285BA07C00E31BFD /* TumblrTests.m in Sources */ = {isa = PBXBuildFile; fileRef = 2EE2BB38285BA07C00E31BFD /* TumblrTests.m */; };
		2EE2BB43285BA07C00E31BFD /* TumblrUITests.m in Sources */ = {isa = PBXBuildFile; fileRef = 2EE2BB42285BA07C00E31BFD /* TumblrUITests.m */; };
		2EE2BB45285BA07C00E31BFD /* TumblrUITestsLaunchTests.m in Sources */ = {isa = PBXBuildFile; fileRef = 2EE2BB44285BA07C00E31BFD /* TumblrUITestsLaunchTests.m */; };
/* End PBXBuildFile section */

/* Begin PBXContainerItemProxy section */
		2EE2BB35285BA07C00E31BFD /* PBXContainerItemProxy */ = {
			isa = PBXContainerItemProxy;
			containerPortal = 2EE2BB11285BA07B00E31BFD /* Project object */;
			proxyType = 1;
			remoteGlobalIDString = 2EE2BB18285BA07B00E31BFD;
			remoteInfo = Tumblr;
		};
		2EE2BB3F285BA07C00E31BFD /* PBXContainerItemProxy */ = {
			isa = PBXContainerItemProxy;
			containerPortal = 2EE2BB11285BA07B00E31BFD /* Project object */;
			proxyType = 1;
			remoteGlobalIDString = 2EE2BB18285BA07B00E31BFD;
			remoteInfo = Tumblr;
		};
/* End PBXContainerItemProxy section */

/* Begin PBXFileReference section */
		2EE2BB19285BA07B00E31BFD /* Tumblr.app */ = {isa = PBXFileReference; explicitFileType = wrapper.application; includeInIndex = 0; path = Tumblr.app; sourceTree = BUILT_PRODUCTS_DIR; };
		2EE2BB1C285BA07B00E31BFD /* AppDelegate.h */ = {isa = PBXFileReference; lastKnownFileType = sourcecode.c.h; path = AppDelegate.h; sourceTree = "<group>"; };
		2EE2BB1D285BA07B00E31BFD /* AppDelegate.m */ = {isa = PBXFileReference; lastKnownFileType = sourcecode.c.objc; path = AppDelegate.m; sourceTree = "<group>"; };
		2EE2BB1F285BA07B00E31BFD /* SceneDelegate.h */ = {isa = PBXFileReference; lastKnownFileType = sourcecode.c.h; path = SceneDelegate.h; sourceTree = "<group>"; };
		2EE2BB20285BA07B00E31BFD /* SceneDelegate.m */ = {isa = PBXFileReference; lastKnownFileType = sourcecode.c.objc; path = SceneDelegate.m; sourceTree = "<group>"; };
		2EE2BB22285BA07B00E31BFD /* ViewController.h */ = {isa = PBXFileReference; lastKnownFileType = sourcecode.c.h; path = ViewController.h; sourceTree = "<group>"; };
		2EE2BB23285BA07B00E31BFD /* ViewController.m */ = {isa = PBXFileReference; lastKnownFileType = sourcecode.c.objc; path = ViewController.m; sourceTree = "<group>"; };
		2EE2BB26285BA07B00E31BFD /* Base */ = {isa = PBXFileReference; lastKnownFileType = file.storyboard; name = Base; path = Base.lproj/Main.storyboard; sourceTree = "<group>"; };
		2EE2BB28285BA07C00E31BFD /* Assets.xcassets */ = {isa = PBXFileReference; lastKnownFileType = folder.assetcatalog; path = Assets.xcassets; sourceTree = "<group>"; };
		2EE2BB2B285BA07C00E31BFD /* Base */ = {isa = PBXFileReference; lastKnownFileType = file.storyboard; name = Base; path = Base.lproj/LaunchScreen.storyboard; sourceTree = "<group>"; };
		2EE2BB2D285BA07C00E31BFD /* Info.plist */ = {isa = PBXFileReference; lastKnownFileType = text.plist.xml; path = Info.plist; sourceTree = "<group>"; };
		2EE2BB2E285BA07C00E31BFD /* main.m */ = {isa = PBXFileReference; lastKnownFileType = sourcecode.c.objc; path = main.m; sourceTree = "<group>"; };
		2EE2BB34285BA07C00E31BFD /* TumblrTests.xctest */ = {isa = PBXFileReference; explicitFileType = wrapper.cfbundle; includeInIndex = 0; path = TumblrTests.xctest; sourceTree = BUILT_PRODUCTS_DIR; };
		2EE2BB38285BA07C00E31BFD /* TumblrTests.m */ = {isa = PBXFileReference; lastKnownFileType = sourcecode.c.objc; path = TumblrTests.m; sourceTree = "<group>"; };
		2EE2BB3E285BA07C00E31BFD /* TumblrUITests.xctest */ = {isa = PBXFileReference; explicitFileType = wrapper.cfbundle; includeInIndex = 0; path = TumblrUITests.xctest; sourceTree = BUILT_PRODUCTS_DIR; };
		2EE2BB42285BA07C00E31BFD /* TumblrUITests.m */ = {isa = PBXFileReference; lastKnownFileType = sourcecode.c.objc; path = TumblrUITests.m; sourceTree = "<group>"; };
		2EE2BB44285BA07C00E31BFD /* TumblrUITestsLaunchTests.m */ = {isa = PBXFileReference; lastKnownFileType = sourcecode.c.objc; path = TumblrUITestsLaunchTests.m; sourceTree = "<group>"; };
/* End PBXFileReference section */

/* Begin PBXFrameworksBuildPhase section */
		2EE2BB16285BA07B00E31BFD /* Frameworks */ = {
			isa = PBXFrameworksBuildPhase;
			buildActionMask = 2147483647;
			files = (
			);
			runOnlyForDeploymentPostprocessing = 0;
		};
		2EE2BB31285BA07C00E31BFD /* Frameworks */ = {
			isa = PBXFrameworksBuildPhase;
			buildActionMask = 2147483647;
			files = (
			);
			runOnlyForDeploymentPostprocessing = 0;
		};
		2EE2BB3B285BA07C00E31BFD /* Frameworks */ = {
			isa = PBXFrameworksBuildPhase;
			buildActionMask = 2147483647;
			files = (
			);
			runOnlyForDeploymentPostprocessing = 0;
		};
/* End PBXFrameworksBuildPhase section */

/* Begin PBXGroup section */
		2EE2BB10285BA07B00E31BFD = {
			isa = PBXGroup;
			children = (
				2EE2BB1B285BA07B00E31BFD /* Tumblr */,
				2EE2BB37285BA07C00E31BFD /* TumblrTests */,
				2EE2BB41285BA07C00E31BFD /* TumblrUITests */,
				2EE2BB1A285BA07B00E31BFD /* Products */,
			);
			sourceTree = "<group>";
		};
		2EE2BB1A285BA07B00E31BFD /* Products */ = {
			isa = PBXGroup;
			children = (
				2EE2BB19285BA07B00E31BFD /* Tumblr.app */,
				2EE2BB34285BA07C00E31BFD /* TumblrTests.xctest */,
				2EE2BB3E285BA07C00E31BFD /* TumblrUITests.xctest */,
			);
			name = Products;
			sourceTree = "<group>";
		};
		2EE2BB1B285BA07B00E31BFD /* Tumblr */ = {
			isa = PBXGroup;
			children = (
				2EE2BB1C285BA07B00E31BFD /* AppDelegate.h */,
				2EE2BB1D285BA07B00E31BFD /* AppDelegate.m */,
				2EE2BB1F285BA07B00E31BFD /* SceneDelegate.h */,
				2EE2BB20285BA07B00E31BFD /* SceneDelegate.m */,
				2EE2BB22285BA07B00E31BFD /* ViewController.h */,
				2EE2BB23285BA07B00E31BFD /* ViewController.m */,
				2EE2BB25285BA07B00E31BFD /* Main.storyboard */,
				2EE2BB28285BA07C00E31BFD /* Assets.xcassets */,
				2EE2BB2A285BA07C00E31BFD /* LaunchScreen.storyboard */,
				2EE2BB2D285BA07C00E31BFD /* Info.plist */,
				2EE2BB2E285BA07C00E31BFD /* main.m */,
			);
			path = Tumblr;
			sourceTree = "<group>";
		};
		2EE2BB37285BA07C00E31BFD /* TumblrTests */ = {
			isa = PBXGroup;
			children = (
				2EE2BB38285BA07C00E31BFD /* TumblrTests.m */,
			);
			path = TumblrTests;
			sourceTree = "<group>";
		};
		2EE2BB41285BA07C00E31BFD /* TumblrUITests */ = {
			isa = PBXGroup;
			children = (
				2EE2BB42285BA07C00E31BFD /* TumblrUITests.m */,
				2EE2BB44285BA07C00E31BFD /* TumblrUITestsLaunchTests.m */,
			);
			path = TumblrUITests;
			sourceTree = "<group>";
		};
/* End PBXGroup section */

/* Begin PBXNativeTarget section */
		2EE2BB18285BA07B00E31BFD /* Tumblr */ = {
			isa = PBXNativeTarget;
			buildConfigurationList = 2EE2BB48285BA07C00E31BFD /* Build configuration list for PBXNativeTarget "Tumblr" */;
			buildPhases = (
				2EE2BB15285BA07B00E31BFD /* Sources */,
				2EE2BB16285BA07B00E31BFD /* Frameworks */,
				2EE2BB17285BA07B00E31BFD /* Resources */,
			);
			buildRules = (
			);
			dependencies = (
			);
			name = Tumblr;
			productName = Tumblr;
			productReference = 2EE2BB19285BA07B00E31BFD /* Tumblr.app */;
			productType = "com.apple.product-type.application";
		};
		2EE2BB33285BA07C00E31BFD /* TumblrTests */ = {
			isa = PBXNativeTarget;
			buildConfigurationList = 2EE2BB4B285BA07C00E31BFD /* Build configuration list for PBXNativeTarget "TumblrTests" */;
			buildPhases = (
				2EE2BB30285BA07C00E31BFD /* Sources */,
				2EE2BB31285BA07C00E31BFD /* Frameworks */,
				2EE2BB32285BA07C00E31BFD /* Resources */,
			);
			buildRules = (
			);
			dependencies = (
				2EE2BB36285BA07C00E31BFD /* PBXTargetDependency */,
			);
			name = TumblrTests;
			productName = TumblrTests;
			productReference = 2EE2BB34285BA07C00E31BFD /* TumblrTests.xctest */;
			productType = "com.apple.product-type.bundle.unit-test";
		};
		2EE2BB3D285BA07C00E31BFD /* TumblrUITests */ = {
			isa = PBXNativeTarget;
			buildConfigurationList = 2EE2BB4E285BA07C00E31BFD /* Build configuration list for PBXNativeTarget "TumblrUITests" */;
			buildPhases = (
				2EE2BB3A285BA07C00E31BFD /* Sources */,
				2EE2BB3B285BA07C00E31BFD /* Frameworks */,
				2EE2BB3C285BA07C00E31BFD /* Resources */,
			);
			buildRules = (
			);
			dependencies = (
				2EE2BB40285BA07C00E31BFD /* PBXTargetDependency */,
			);
			name = TumblrUITests;
			productName = TumblrUITests;
			productReference = 2EE2BB3E285BA07C00E31BFD /* TumblrUITests.xctest */;
			productType = "com.apple.product-type.bundle.ui-testing";
		};
/* End PBXNativeTarget section */

/* Begin PBXProject section */
		2EE2BB11285BA07B00E31BFD /* Project object */ = {
			isa = PBXProject;
			attributes = {
				BuildIndependentTargetsInParallel = 1;
				LastUpgradeCheck = 1340;
				TargetAttributes = {
					2EE2BB18285BA07B00E31BFD = {
						CreatedOnToolsVersion = 13.4;
					};
					2EE2BB33285BA07C00E31BFD = {
						CreatedOnToolsVersion = 13.4;
						TestTargetID = 2EE2BB18285BA07B00E31BFD;
					};
					2EE2BB3D285BA07C00E31BFD = {
						CreatedOnToolsVersion = 13.4;
						TestTargetID = 2EE2BB18285BA07B00E31BFD;
					};
				};
			};
			buildConfigurationList = 2EE2BB14285BA07B00E31BFD /* Build configuration list for PBXProject "Tumblr" */;
			compatibilityVersion = "Xcode 13.0";
			developmentRegion = en;
			hasScannedForEncodings = 0;
			knownRegions = (
				en,
				Base,
			);
			mainGroup = 2EE2BB10285BA07B00E31BFD;
			productRefGroup = 2EE2BB1A285BA07B00E31BFD /* Products */;
			projectDirPath = "";
			projectRoot = "";
			targets = (
				2EE2BB18285BA07B00E31BFD /* Tumblr */,
				2EE2BB33285BA07C00E31BFD /* TumblrTests */,
				2EE2BB3D285BA07C00E31BFD /* TumblrUITests */,
			);
		};
/* End PBXProject section */

/* Begin PBXResourcesBuildPhase section */
		2EE2BB17285BA07B00E31BFD /* Resources */ = {
			isa = PBXResourcesBuildPhase;
			buildActionMask = 2147483647;
			files = (
				2EE2BB2C285BA07C00E31BFD /* LaunchScreen.storyboard in Resources */,
				2EE2BB29285BA07C00E31BFD /* Assets.xcassets in Resources */,
				2EE2BB27285BA07B00E31BFD /* Main.storyboard in Resources */,
			);
			runOnlyForDeploymentPostprocessing = 0;
		};
		2EE2BB32285BA07C00E31BFD /* Resources */ = {
			isa = PBXResourcesBuildPhase;
			buildActionMask = 2147483647;
			files = (
			);
			runOnlyForDeploymentPostprocessing = 0;
		};
		2EE2BB3C285BA07C00E31BFD /* Resources */ = {
			isa = PBXResourcesBuildPhase;
			buildActionMask = 2147483647;
			files = (
			);
			runOnlyForDeploymentPostprocessing = 0;
		};
/* End PBXResourcesBuildPhase section */

/* Begin PBXSourcesBuildPhase section */
		2EE2BB15285BA07B00E31BFD /* Sources */ = {
			isa = PBXSourcesBuildPhase;
			buildActionMask = 2147483647;
			files = (
				2EE2BB24285BA07B00E31BFD /* ViewController.m in Sources */,
				2EE2BB1E285BA07B00E31BFD /* AppDelegate.m in Sources */,
				2EE2BB2F285BA07C00E31BFD /* main.m in Sources */,
				2EE2BB21285BA07B00E31BFD /* SceneDelegate.m in Sources */,
			);
			runOnlyForDeploymentPostprocessing = 0;
		};
		2EE2BB30285BA07C00E31BFD /* Sources */ = {
			isa = PBXSourcesBuildPhase;
			buildActionMask = 2147483647;
			files = (
				2EE2BB39285BA07C00E31BFD /* TumblrTests.m in Sources */,
			);
			runOnlyForDeploymentPostprocessing = 0;
		};
		2EE2BB3A285BA07C00E31BFD /* Sources */ = {
			isa = PBXSourcesBuildPhase;
			buildActionMask = 2147483647;
			files = (
				2EE2BB45285BA07C00E31BFD /* TumblrUITestsLaunchTests.m in Sources */,
				2EE2BB43285BA07C00E31BFD /* TumblrUITests.m in Sources */,
			);
			runOnlyForDeploymentPostprocessing = 0;
		};
/* End PBXSourcesBuildPhase section */

/* Begin PBXTargetDependency section */
		2EE2BB36285BA07C00E31BFD /* PBXTargetDependency */ = {
			isa = PBXTargetDependency;
			target = 2EE2BB18285BA07B00E31BFD /* Tumblr */;
			targetProxy = 2EE2BB35285BA07C00E31BFD /* PBXContainerItemProxy */;
		};
		2EE2BB40285BA07C00E31BFD /* PBXTargetDependency */ = {
			isa = PBXTargetDependency;
			target = 2EE2BB18285BA07B00E31BFD /* Tumblr */;
			targetProxy = 2EE2BB3F285BA07C00E31BFD /* PBXContainerItemProxy */;
		};
/* End PBXTargetDependency section */

/* Begin PBXVariantGroup section */
		2EE2BB25285BA07B00E31BFD /* Main.storyboard */ = {
			isa = PBXVariantGroup;
			children = (
				2EE2BB26285BA07B00E31BFD /* Base */,
			);
			name = Main.storyboard;
			sourceTree = "<group>";
		};
		2EE2BB2A285BA07C00E31BFD /* LaunchScreen.storyboard */ = {
			isa = PBXVariantGroup;
			children = (
				2EE2BB2B285BA07C00E31BFD /* Base */,
			);
			name = LaunchScreen.storyboard;
			sourceTree = "<group>";
		};
/* End PBXVariantGroup section */

/* Begin XCBuildConfiguration section */
		2EE2BB46285BA07C00E31BFD /* Debug */ = {
			isa = XCBuildConfiguration;
			buildSettings = {
				ALWAYS_SEARCH_USER_PATHS = NO;
				CLANG_ANALYZER_NONNULL = YES;
				CLANG_ANALYZER_NUMBER_OBJECT_CONVERSION = YES_AGGRESSIVE;
				CLANG_CXX_LANGUAGE_STANDARD = "gnu++17";
				CLANG_ENABLE_MODULES = YES;
				CLANG_ENABLE_OBJC_ARC = YES;
				CLANG_ENABLE_OBJC_WEAK = YES;
				CLANG_WARN_BLOCK_CAPTURE_AUTORELEASING = YES;
				CLANG_WARN_BOOL_CONVERSION = YES;
				CLANG_WARN_COMMA = YES;
				CLANG_WARN_CONSTANT_CONVERSION = YES;
				CLANG_WARN_DEPRECATED_OBJC_IMPLEMENTATIONS = YES;
				CLANG_WARN_DIRECT_OBJC_ISA_USAGE = YES_ERROR;
				CLANG_WARN_DOCUMENTATION_COMMENTS = YES;
				CLANG_WARN_EMPTY_BODY = YES;
				CLANG_WARN_ENUM_CONVERSION = YES;
				CLANG_WARN_INFINITE_RECURSION = YES;
				CLANG_WARN_INT_CONVERSION = YES;
				CLANG_WARN_NON_LITERAL_NULL_CONVERSION = YES;
				CLANG_WARN_OBJC_IMPLICIT_RETAIN_SELF = YES;
				CLANG_WARN_OBJC_LITERAL_CONVERSION = YES;
				CLANG_WARN_OBJC_ROOT_CLASS = YES_ERROR;
				CLANG_WARN_QUOTED_INCLUDE_IN_FRAMEWORK_HEADER = YES;
				CLANG_WARN_RANGE_LOOP_ANALYSIS = YES;
				CLANG_WARN_STRICT_PROTOTYPES = YES;
				CLANG_WARN_SUSPICIOUS_MOVE = YES;
				CLANG_WARN_UNGUARDED_AVAILABILITY = YES_AGGRESSIVE;
				CLANG_WARN_UNREACHABLE_CODE = YES;
				CLANG_WARN__DUPLICATE_METHOD_MATCH = YES;
				COPY_PHASE_STRIP = NO;
				DEBUG_INFORMATION_FORMAT = dwarf;
				ENABLE_STRICT_OBJC_MSGSEND = YES;
				ENABLE_TESTABILITY = YES;
				GCC_C_LANGUAGE_STANDARD = gnu11;
				GCC_DYNAMIC_NO_PIC = NO;
				GCC_NO_COMMON_BLOCKS = YES;
				GCC_OPTIMIZATION_LEVEL = 0;
				GCC_PREPROCESSOR_DEFINITIONS = (
					"DEBUG=1",
					"$(inherited)",
				);
				GCC_WARN_64_TO_32_BIT_CONVERSION = YES;
				GCC_WARN_ABOUT_RETURN_TYPE = YES_ERROR;
				GCC_WARN_UNDECLARED_SELECTOR = YES;
				GCC_WARN_UNINITIALIZED_AUTOS = YES_AGGRESSIVE;
				GCC_WARN_UNUSED_FUNCTION = YES;
				GCC_WARN_UNUSED_VARIABLE = YES;
				IPHONEOS_DEPLOYMENT_TARGET = 15.5;
				MTL_ENABLE_DEBUG_INFO = INCLUDE_SOURCE;
				MTL_FAST_MATH = YES;
				ONLY_ACTIVE_ARCH = YES;
				SDKROOT = iphoneos;
			};
			name = Debug;
		};
		2EE2BB47285BA07C00E31BFD /* Release */ = {
			isa = XCBuildConfiguration;
			buildSettings = {
				ALWAYS_SEARCH_USER_PATHS = NO;
				CLANG_ANALYZER_NONNULL = YES;
				CLANG_ANALYZER_NUMBER_OBJECT_CONVERSION = YES_AGGRESSIVE;
				CLANG_CXX_LANGUAGE_STANDARD = "gnu++17";
				CLANG_ENABLE_MODULES = YES;
				CLANG_ENABLE_OBJC_ARC = YES;
				CLANG_ENABLE_OBJC_WEAK = YES;
				CLANG_WARN_BLOCK_CAPTURE_AUTORELEASING = YES;
				CLANG_WARN_BOOL_CONVERSION = YES;
				CLANG_WARN_COMMA = YES;
				CLANG_WARN_CONSTANT_CONVERSION = YES;
				CLANG_WARN_DEPRECATED_OBJC_IMPLEMENTATIONS = YES;
				CLANG_WARN_DIRECT_OBJC_ISA_USAGE = YES_ERROR;
				CLANG_WARN_DOCUMENTATION_COMMENTS = YES;
				CLANG_WARN_EMPTY_BODY = YES;
				CLANG_WARN_ENUM_CONVERSION = YES;
				CLANG_WARN_INFINITE_RECURSION = YES;
				CLANG_WARN_INT_CONVERSION = YES;
				CLANG_WARN_NON_LITERAL_NULL_CONVERSION = YES;
				CLANG_WARN_OBJC_IMPLICIT_RETAIN_SELF = YES;
				CLANG_WARN_OBJC_LITERAL_CONVERSION = YES;
				CLANG_WARN_OBJC_ROOT_CLASS = YES_ERROR;
				CLANG_WARN_QUOTED_INCLUDE_IN_FRAMEWORK_HEADER = YES;
				CLANG_WARN_RANGE_LOOP_ANALYSIS = YES;
				CLANG_WARN_STRICT_PROTOTYPES = YES;
				CLANG_WARN_SUSPICIOUS_MOVE = YES;
				CLANG_WARN_UNGUARDED_AVAILABILITY = YES_AGGRESSIVE;
				CLANG_WARN_UNREACHABLE_CODE = YES;
				CLANG_WARN__DUPLICATE_METHOD_MATCH = YES;
				COPY_PHASE_STRIP = NO;
				DEBUG_INFORMATION_FORMAT = "dwarf-with-dsym";
				ENABLE_NS_ASSERTIONS = NO;
				ENABLE_STRICT_OBJC_MSGSEND = YES;
				GCC_C_LANGUAGE_STANDARD = gnu11;
				GCC_NO_COMMON_BLOCKS = YES;
				GCC_WARN_64_TO_32_BIT_CONVERSION = YES;
				GCC_WARN_ABOUT_RETURN_TYPE = YES_ERROR;
				GCC_WARN_UNDECLARED_SELECTOR = YES;
				GCC_WARN_UNINITIALIZED_AUTOS = YES_AGGRESSIVE;
				GCC_WARN_UNUSED_FUNCTION = YES;
				GCC_WARN_UNUSED_VARIABLE = YES;
				IPHONEOS_DEPLOYMENT_TARGET = 15.5;
				MTL_ENABLE_DEBUG_INFO = NO;
				MTL_FAST_MATH = YES;
				SDKROOT = iphoneos;
				VALIDATE_PRODUCT = YES;
			};
			name = Release;
		};
		2EE2BB49285BA07C00E31BFD /* Debug */ = {
			isa = XCBuildConfiguration;
			buildSettings = {
				ASSETCATALOG_COMPILER_APPICON_NAME = AppIcon;
				ASSETCATALOG_COMPILER_GLOBAL_ACCENT_COLOR_NAME = AccentColor;
				CODE_SIGN_STYLE = Automatic;
				CURRENT_PROJECT_VERSION = 1;
				DEVELOPMENT_TEAM = GAD783T3VR;
				GENERATE_INFOPLIST_FILE = YES;
				INFOPLIST_FILE = Tumblr/Info.plist;
				INFOPLIST_KEY_UIApplicationSupportsIndirectInputEvents = YES;
				INFOPLIST_KEY_UILaunchStoryboardName = LaunchScreen;
				INFOPLIST_KEY_UIMainStoryboardFile = Main;
				INFOPLIST_KEY_UISupportedInterfaceOrientations_iPad = "UIInterfaceOrientationPortrait UIInterfaceOrientationPortraitUpsideDown UIInterfaceOrientationLandscapeLeft UIInterfaceOrientationLandscapeRight";
				INFOPLIST_KEY_UISupportedInterfaceOrientations_iPhone = "UIInterfaceOrientationPortrait UIInterfaceOrientationLandscapeLeft UIInterfaceOrientationLandscapeRight";
				LD_RUNPATH_SEARCH_PATHS = (
					"$(inherited)",
					"@executable_path/Frameworks",
				);
				MARKETING_VERSION = 1.0;
				PRODUCT_BUNDLE_IDENTIFIER = com.codepath.Tumblr;
				PRODUCT_NAME = "$(TARGET_NAME)";
				SWIFT_EMIT_LOC_STRINGS = YES;
				TARGETED_DEVICE_FAMILY = "1,2";
			};
			name = Debug;
		};
		2EE2BB4A285BA07C00E31BFD /* Release */ = {
			isa = XCBuildConfiguration;
			buildSettings = {
				ASSETCATALOG_COMPILER_APPICON_NAME = AppIcon;
				ASSETCATALOG_COMPILER_GLOBAL_ACCENT_COLOR_NAME = AccentColor;
				CODE_SIGN_STYLE = Automatic;
				CURRENT_PROJECT_VERSION = 1;
				DEVELOPMENT_TEAM = GAD783T3VR;
				GENERATE_INFOPLIST_FILE = YES;
				INFOPLIST_FILE = Tumblr/Info.plist;
				INFOPLIST_KEY_UIApplicationSupportsIndirectInputEvents = YES;
				INFOPLIST_KEY_UILaunchStoryboardName = LaunchScreen;
				INFOPLIST_KEY_UIMainStoryboardFile = Main;
				INFOPLIST_KEY_UISupportedInterfaceOrientations_iPad = "UIInterfaceOrientationPortrait UIInterfaceOrientationPortraitUpsideDown UIInterfaceOrientationLandscapeLeft UIInterfaceOrientationLandscapeRight";
				INFOPLIST_KEY_UISupportedInterfaceOrientations_iPhone = "UIInterfaceOrientationPortrait UIInterfaceOrientationLandscapeLeft UIInterfaceOrientationLandscapeRight";
				LD_RUNPATH_SEARCH_PATHS = (
					"$(inherited)",
					"@executable_path/Frameworks",
				);
				MARKETING_VERSION = 1.0;
				PRODUCT_BUNDLE_IDENTIFIER = com.codepath.Tumblr;
				PRODUCT_NAME = "$(TARGET_NAME)";
				SWIFT_EMIT_LOC_STRINGS = YES;
				TARGETED_DEVICE_FAMILY = "1,2";
			};
			name = Release;
		};
		2EE2BB4C285BA07C00E31BFD /* Debug */ = {
			isa = XCBuildConfiguration;
			buildSettings = {
				BUNDLE_LOADER = "$(TEST_HOST)";
				CODE_SIGN_STYLE = Automatic;
				CURRENT_PROJECT_VERSION = 1;
				DEVELOPMENT_TEAM = GAD783T3VR;
				GENERATE_INFOPLIST_FILE = YES;
				IPHONEOS_DEPLOYMENT_TARGET = 15.5;
				MARKETING_VERSION = 1.0;
				PRODUCT_BUNDLE_IDENTIFIER = com.codepath.TumblrTests;
				PRODUCT_NAME = "$(TARGET_NAME)";
				SWIFT_EMIT_LOC_STRINGS = NO;
				TARGETED_DEVICE_FAMILY = "1,2";
				TEST_HOST = "$(BUILT_PRODUCTS_DIR)/Tumblr.app/Tumblr";
			};
			name = Debug;
		};
		2EE2BB4D285BA07C00E31BFD /* Release */ = {
			isa = XCBuildConfiguration;
			buildSettings = {
				BUNDLE_LOADER = "$(TEST_HOST)";
				CODE_SIGN_STYLE = Automatic;
				CURRENT_PROJECT_VERSION = 1;
				DEVELOPMENT_TEAM = GAD783T3VR;
				GENERATE_INFOPLIST_FILE = YES;
				IPHONEOS_DEPLOYMENT_TARGET = 15.5;
				MARKETING_VERSION = 1.0;
				PRODUCT_BUNDLE_IDENTIFIER = com.codepath.TumblrTests;
				PRODUCT_NAME = "$(TARGET_NAME)";
				SWIFT_EMIT_LOC_STRINGS = NO;
				TARGETED_DEVICE_FAMILY = "1,2";
				TEST_HOST = "$(BUILT_PRODUCTS_DIR)/Tumblr.app/Tumblr";
			};
			name = Release;
		};
		2EE2BB4F285BA07C00E31BFD /* Debug */ = {
			isa = XCBuildConfiguration;
			buildSettings = {
				CODE_SIGN_STYLE = Automatic;
				CURRENT_PROJECT_VERSION = 1;
				DEVELOPMENT_TEAM = GAD783T3VR;
				GENERATE_INFOPLIST_FILE = YES;
				MARKETING_VERSION = 1.0;
				PRODUCT_BUNDLE_IDENTIFIER = com.codepath.TumblrUITests;
				PRODUCT_NAME = "$(TARGET_NAME)";
				SWIFT_EMIT_LOC_STRINGS = NO;
				TARGETED_DEVICE_FAMILY = "1,2";
				TEST_TARGET_NAME = Tumblr;
			};
			name = Debug;
		};
		2EE2BB50285BA07C00E31BFD /* Release */ = {
			isa = XCBuildConfiguration;
			buildSettings = {
				CODE_SIGN_STYLE = Automatic;
				CURRENT_PROJECT_VERSION = 1;
				DEVELOPMENT_TEAM = GAD783T3VR;
				GENERATE_INFOPLIST_FILE = YES;
				MARKETING_VERSION = 1.0;
				PRODUCT_BUNDLE_IDENTIFIER = com.codepath.TumblrUITests;
				PRODUCT_NAME = "$(TARGET_NAME)";
				SWIFT_EMIT_LOC_STRINGS = NO;
				TARGETED_DEVICE_FAMILY = "1,2";
				TEST_TARGET_NAME = Tumblr;
			};
			name = Release;
		};
/* End XCBuildConfiguration section */

/* Begin XCConfigurationList section */
		2EE2BB14285BA07B00E31BFD /* Build configuration list for PBXProject "Tumblr" */ = {
			isa = XCConfigurationList;
			buildConfigurations = (
				2EE2BB46285BA07C00E31BFD /* Debug */,
				2EE2BB47285BA07C00E31BFD /* Release */,
			);
			defaultConfigurationIsVisible = 0;
			defaultConfigurationName = Release;
		};
		2EE2BB48285BA07C00E31BFD /* Build configuration list for PBXNativeTarget "Tumblr" */ = {
			isa = XCConfigurationList;
			buildConfigurations = (
				2EE2BB49285BA07C00E31BFD /* Debug */,
				2EE2BB4A285BA07C00E31BFD /* Release */,
			);
			defaultConfigurationIsVisible = 0;
			defaultConfigurationName = Release;
		};
		2EE2BB4B285BA07C00E31BFD /* Build configuration list for PBXNativeTarget "TumblrTests" */ = {
			isa = XCConfigurationList;
			buildConfigurations = (
				2EE2BB4C285BA07C00E31BFD /* Debug */,
				2EE2BB4D285BA07C00E31BFD /* Release */,
			);
			defaultConfigurationIsVisible = 0;
			defaultConfigurationName = Release;
		};
		2EE2BB4E285BA07C00E31BFD /* Build configuration list for PBXNativeTarget "TumblrUITests" */ = {
			isa = XCConfigurationList;
			buildConfigurations = (
				2EE2BB4F285BA07C00E31BFD /* Debug */,
				2EE2BB50285BA07C00E31BFD /* Release */,
			);
			defaultConfigurationIsVisible = 0;
			defaultConfigurationName = Release;
		};
/* End XCConfigurationList section */
	};
	rootObject = 2EE2BB11285BA07B00E31BFD /* Project object */;
}
